
Microsoft Visual Studio Solution File, Format Version 12.00
# Visual Studio Version 17
VisualStudioVersion = 17.0.31903.59
MinimumVisualStudioVersion = 10.0.40219.1
Project("{FAE04EC0-301F-11D3-BF4B-00C04F79EFBC}") = "UartApp", "UartApp\UartApp.csproj", "{BE3F2AC8-CE64-4FD0-B5EF-56969EA72914}"
EndProject
Project("{FAE04EC0-301F-11D3-BF4B-00C04F79EFBC}") = "UartApp.Tests", "UartApp.Tests\UartApp.Tests.csproj", "{4E32A9E2-70BF-4951-AF57-C6F32E092A7D}"
EndProject
Global
	GlobalSection(SolutionConfigurationPlatforms) = preSolution
		Debug|Any CPU = Debug|Any CPU
		Release|Any CPU = Release|Any CPU
	EndGlobalSection
	GlobalSection(SolutionProperties) = preSolution
		HideSolutionNode = FALSE
	EndGlobalSection
	GlobalSection(ProjectConfigurationPlatforms) = postSolution
		{BE3F2AC8-CE64-4FD0-B5EF-56969EA72914}.Debug|Any CPU.ActiveCfg = Debug|Any CPU
		{BE3F2AC8-CE64-4FD0-B5EF-56969EA72914}.Debug|Any CPU.Build.0 = Debug|Any CPU
		{BE3F2AC8-CE64-4FD0-B5EF-56969EA72914}.Release|Any CPU.ActiveCfg = Release|Any CPU
		{BE3F2AC8-CE64-4FD0-B5EF-56969EA72914}.Release|Any CPU.Build.0 = Release|Any CPU
		{4E32A9E2-70BF-4951-AF57-C6F32E092A7D}.Debug|Any CPU.ActiveCfg = Debug|Any CPU
		{4E32A9E2-70BF-4951-AF57-C6F32E092A7D}.Debug|Any CPU.Build.0 = Debug|Any CPU
		{4E32A9E2-70BF-4951-AF57-C6F32E092A7D}.Release|Any CPU.ActiveCfg = Release|Any CPU
		{4E32A9E2-70BF-4951-AF57-C6F32E092A7D}.Release|Any CPU.Build.0 = Release|Any CPU
	EndGlobalSection
EndGlobal
